// !$*UTF8*$!
{
	archiveVersion = 1;
	classes = {
	};
	objectVersion = 46;
	objects = {

/* Begin PBXBuildFile section */
		45C6FB271AB4DEBC0080712B /* AppDelegate.swift in Sources */ = {isa = PBXBuildFile; fileRef = 45C6FB261AB4DEBC0080712B /* AppDelegate.swift */; };
		45C6FB291AB4DEBC0080712B /* ViewController.swift in Sources */ = {isa = PBXBuildFile; fileRef = 45C6FB281AB4DEBC0080712B /* ViewController.swift */; };
		45C6FB2C1AB4DEBC0080712B /* Main.storyboard in Resources */ = {isa = PBXBuildFile; fileRef = 45C6FB2A1AB4DEBC0080712B /* Main.storyboard */; };
		45C6FB2E1AB4DEBC0080712B /* Images.xcassets in Resources */ = {isa = PBXBuildFile; fileRef = 45C6FB2D1AB4DEBC0080712B /* Images.xcassets */; };
		45C6FB311AB4DEBC0080712B /* LaunchScreen.xib in Resources */ = {isa = PBXBuildFile; fileRef = 45C6FB2F1AB4DEBC0080712B /* LaunchScreen.xib */; };
		45C6FB3D1AB4DEBC0080712B /* Whats_the_WeatherTests.swift in Sources */ = {isa = PBXBuildFile; fileRef = 45C6FB3C1AB4DEBC0080712B /* Whats_the_WeatherTests.swift */; };
/* End PBXBuildFile section */

/* Begin PBXContainerItemProxy section */
		45C6FB371AB4DEBC0080712B /* PBXContainerItemProxy */ = {
			isa = PBXContainerItemProxy;
			containerPortal = 45C6FB191AB4DEBC0080712B /* Project object */;
			proxyType = 1;
			remoteGlobalIDString = 45C6FB201AB4DEBC0080712B;
			remoteInfo = "Whats the Weather";
		};
/* End PBXContainerItemProxy section */

/* Begin PBXFileReference section */
		45C6FB211AB4DEBC0080712B /* Whats the Weather.app */ = {isa = PBXFileReference; explicitFileType = wrapper.application; includeInIndex = 0; path = "Whats the Weather.app"; sourceTree = BUILT_PRODUCTS_DIR; };
		45C6FB251AB4DEBC0080712B /* Info.plist */ = {isa = PBXFileReference; lastKnownFileType = text.plist.xml; path = Info.plist; sourceTree = "<group>"; };
		45C6FB261AB4DEBC0080712B /* AppDelegate.swift */ = {isa = PBXFileReference; lastKnownFileType = sourcecode.swift; path = AppDelegate.swift; sourceTree = "<group>"; };
		45C6FB281AB4DEBC0080712B /* ViewController.swift */ = {isa = PBXFileReference; lastKnownFileType = sourcecode.swift; path = ViewController.swift; sourceTree = "<group>"; };
		45C6FB2B1AB4DEBC0080712B /* Base */ = {isa = PBXFileReference; lastKnownFileType = file.storyboard; name = Base; path = Base.lproj/Main.storyboard; sourceTree = "<group>"; };
		45C6FB2D1AB4DEBC0080712B /* Images.xcassets */ = {isa = PBXFileReference; lastKnownFileType = folder.assetcatalog; path = Images.xcassets; sourceTree = "<group>"; };
		45C6FB301AB4DEBC0080712B /* Base */ = {isa = PBXFileReference; lastKnownFileType = file.xib; name = Base; path = Base.lproj/LaunchScreen.xib; sourceTree = "<group>"; };
		45C6FB361AB4DEBC0080712B /* Whats the WeatherTests.xctest */ = {isa = PBXFileReference; explicitFileType = wrapper.cfbundle; includeInIndex = 0; path = "Whats the WeatherTests.xctest"; sourceTree = BUILT_PRODUCTS_DIR; };
		45C6FB3B1AB4DEBC0080712B /* Info.plist */ = {isa = PBXFileReference; lastKnownFileType = text.plist.xml; path = Info.plist; sourceTree = "<group>"; };
		45C6FB3C1AB4DEBC0080712B /* Whats_the_WeatherTests.swift */ = {isa = PBXFileReference; lastKnownFileType = sourcecode.swift; path = Whats_the_WeatherTests.swift; sourceTree = "<group>"; };
/* End PBXFileReference section */

/* Begin PBXFrameworksBuildPhase section */
		45C6FB1E1AB4DEBC0080712B /* Frameworks */ = {
			isa = PBXFrameworksBuildPhase;
			buildActionMask = 2147483647;
			files = (
			);
			runOnlyForDeploymentPostprocessing = 0;
		};
		45C6FB331AB4DEBC0080712B /* Frameworks */ = {
			isa = PBXFrameworksBuildPhase;
			buildActionMask = 2147483647;
			files = (
			);
			runOnlyForDeploymentPostprocessing = 0;
		};
/* End PBXFrameworksBuildPhase section */

/* Begin PBXGroup section */
		45C6FB181AB4DEBC0080712B = {
			isa = PBXGroup;
			children = (
				45C6FB231AB4DEBC0080712B /* Whats the Weather */,
				45C6FB391AB4DEBC0080712B /* Whats the WeatherTests */,
				45C6FB221AB4DEBC0080712B /* Products */,
			);
			sourceTree = "<group>";
		};
		45C6FB221AB4DEBC0080712B /* Products */ = {
			isa = PBXGroup;
			children = (
				45C6FB211AB4DEBC0080712B /* Whats the Weather.app */,
				45C6FB361AB4DEBC0080712B /* Whats the WeatherTests.xctest */,
			);
			name = Products;
			sourceTree = "<group>";
		};
		45C6FB231AB4DEBC0080712B /* Whats the Weather */ = {
			isa = PBXGroup;
			children = (
				45C6FB261AB4DEBC0080712B /* AppDelegate.swift */,
				45C6FB281AB4DEBC0080712B /* ViewController.swift */,
				45C6FB2A1AB4DEBC0080712B /* Main.storyboard */,
				45C6FB2D1AB4DEBC0080712B /* Images.xcassets */,
				45C6FB2F1AB4DEBC0080712B /* LaunchScreen.xib */,
				45C6FB241AB4DEBC0080712B /* Supporting Files */,
			);
			path = "Whats the Weather";
			sourceTree = "<group>";
		};
		45C6FB241AB4DEBC0080712B /* Supporting Files */ = {
			isa = PBXGroup;
			children = (
				45C6FB251AB4DEBC0080712B /* Info.plist */,
			);
			name = "Supporting Files";
			sourceTree = "<group>";
		};
		45C6FB391AB4DEBC0080712B /* Whats the WeatherTests */ = {
			isa = PBXGroup;
			children = (
				45C6FB3C1AB4DEBC0080712B /* Whats_the_WeatherTests.swift */,
				45C6FB3A1AB4DEBC0080712B /* Supporting Files */,
			);
			path = "Whats the WeatherTests";
			sourceTree = "<group>";
		};
		45C6FB3A1AB4DEBC0080712B /* Supporting Files */ = {
			isa = PBXGroup;
			children = (
				45C6FB3B1AB4DEBC0080712B /* Info.plist */,
			);
			name = "Supporting Files";
			sourceTree = "<group>";
		};
/* End PBXGroup section */

/* Begin PBXNativeTarget section */
		45C6FB201AB4DEBC0080712B /* Whats the Weather */ = {
			isa = PBXNativeTarget;
			buildConfigurationList = 45C6FB401AB4DEBC0080712B /* Build configuration list for PBXNativeTarget "Whats the Weather" */;
			buildPhases = (
				45C6FB1D1AB4DEBC0080712B /* Sources */,
				45C6FB1E1AB4DEBC0080712B /* Frameworks */,
				45C6FB1F1AB4DEBC0080712B /* Resources */,
			);
			buildRules = (
			);
			dependencies = (
			);
			name = "Whats the Weather";
			productName = "Whats the Weather";
			productReference = 45C6FB211AB4DEBC0080712B /* Whats the Weather.app */;
			productType = "com.apple.product-type.application";
		};
		45C6FB351AB4DEBC0080712B /* Whats the WeatherTests */ = {
			isa = PBXNativeTarget;
			buildConfigurationList = 45C6FB431AB4DEBC0080712B /* Build configuration list for PBXNativeTarget "Whats the WeatherTests" */;
			buildPhases = (
				45C6FB321AB4DEBC0080712B /* Sources */,
				45C6FB331AB4DEBC0080712B /* Frameworks */,
				45C6FB341AB4DEBC0080712B /* Resources */,
			);
			buildRules = (
			);
			dependencies = (
				45C6FB381AB4DEBC0080712B /* PBXTargetDependency */,
			);
			name = "Whats the WeatherTests";
			productName = "Whats the WeatherTests";
			productReference = 45C6FB361AB4DEBC0080712B /* Whats the WeatherTests.xctest */;
			productType = "com.apple.product-type.bundle.unit-test";
		};
/* End PBXNativeTarget section */

/* Begin PBXProject section */
		45C6FB191AB4DEBC0080712B /* Project object */ = {
			isa = PBXProject;
			attributes = {
				LastUpgradeCheck = 0610;
				ORGANIZATIONNAME = mrd;
				TargetAttributes = {
					45C6FB201AB4DEBC0080712B = {
						CreatedOnToolsVersion = 6.1.1;
					};
					45C6FB351AB4DEBC0080712B = {
						CreatedOnToolsVersion = 6.1.1;
						TestTargetID = 45C6FB201AB4DEBC0080712B;
					};
				};
			};
			buildConfigurationList = 45C6FB1C1AB4DEBC0080712B /* Build configuration list for PBXProject "Whats the Weather" */;
			compatibilityVersion = "Xcode 3.2";
			developmentRegion = English;
			hasScannedForEncodings = 0;
			knownRegions = (
				en,
				Base,
			);
			mainGroup = 45C6FB181AB4DEBC0080712B;
			productRefGroup = 45C6FB221AB4DEBC0080712B /* Products */;
			projectDirPath = "";
			projectRoot = "";
			targets = (
				45C6FB201AB4DEBC0080712B /* Whats the Weather */,
				45C6FB351AB4DEBC0080712B /* Whats the WeatherTests */,
			);
		};
/* End PBXProject section */

/* Begin PBXResourcesBuildPhase section */
		45C6FB1F1AB4DEBC0080712B /* Resources */ = {
			isa = PBXResourcesBuildPhase;
			buildActionMask = 2147483647;
			files = (
				45C6FB2C1AB4DEBC0080712B /* Main.storyboard in Resources */,
				45C6FB311AB4DEBC0080712B /* LaunchScreen.xib in Resources */,
				45C6FB2E1AB4DEBC0080712B /* Images.xcassets in Resources */,
			);
			runOnlyForDeploymentPostprocessing = 0;
		};
		45C6FB341AB4DEBC0080712B /* Resources */ = {
			isa = PBXResourcesBuildPhase;
			buildActionMask = 2147483647;
			files = (
			);
			runOnlyForDeploymentPostprocessing = 0;
		};
/* End PBXResourcesBuildPhase section */

/* Begin PBXSourcesBuildPhase section */
		45C6FB1D1AB4DEBC0080712B /* Sources */ = {
			isa = PBXSourcesBuildPhase;
			buildActionMask = 2147483647;
			files = (
				45C6FB291AB4DEBC0080712B /* ViewController.swift in Sources */,
				45C6FB271AB4DEBC0080712B /* AppDelegate.swift in Sources */,
			);
			runOnlyForDeploymentPostprocessing = 0;
		};
		45C6FB321AB4DEBC0080712B /* Sources */ = {
			isa = PBXSourcesBuildPhase;
			buildActionMask = 2147483647;
			files = (
				45C6FB3D1AB4DEBC0080712B /* Whats_the_WeatherTests.swift in Sources */,
			);
			runOnlyForDeploymentPostprocessing = 0;
		};
/* End PBXSourcesBuildPhase section */

/* Begin PBXTargetDependency section */
		45C6FB381AB4DEBC0080712B /* PBXTargetDependency */ = {
			isa = PBXTargetDependency;
			target = 45C6FB201AB4DEBC0080712B /* Whats the Weather */;
			targetProxy = 45C6FB371AB4DEBC0080712B /* PBXContainerItemProxy */;
		};
/* End PBXTargetDependency section */

/* Begin PBXVariantGroup section */
		45C6FB2A1AB4DEBC0080712B /* Main.storyboard */ = {
			isa = PBXVariantGroup;
			children = (
				45C6FB2B1AB4DEBC0080712B /* Base */,
			);
			name = Main.storyboard;
			sourceTree = "<group>";
		};
		45C6FB2F1AB4DEBC0080712B /* LaunchScreen.xib */ = {
			isa = PBXVariantGroup;
			children = (
				45C6FB301AB4DEBC0080712B /* Base */,
			);
			name = LaunchScreen.xib;
			sourceTree = "<group>";
		};
/* End PBXVariantGroup section */

/* Begin XCBuildConfiguration section */
		45C6FB3E1AB4DEBC0080712B /* Debug */ = {
			isa = XCBuildConfiguration;
			buildSettings = {
				ALWAYS_SEARCH_USER_PATHS = NO;
				CLANG_CXX_LANGUAGE_STANDARD = "gnu++0x";
				CLANG_CXX_LIBRARY = "libc++";
				CLANG_ENABLE_MODULES = YES;
				CLANG_ENABLE_OBJC_ARC = YES;
				CLANG_WARN_BOOL_CONVERSION = YES;
				CLANG_WARN_CONSTANT_CONVERSION = YES;
				CLANG_WARN_DIRECT_OBJC_ISA_USAGE = YES_ERROR;
				CLANG_WARN_EMPTY_BODY = YES;
				CLANG_WARN_ENUM_CONVERSION = YES;
				CLANG_WARN_INT_CONVERSION = YES;
				CLANG_WARN_OBJC_ROOT_CLASS = YES_ERROR;
				CLANG_WARN_UNREACHABLE_CODE = YES;
				CLANG_WARN__DUPLICATE_METHOD_MATCH = YES;
				"CODE_SIGN_IDENTITY[sdk=iphoneos*]" = "iPhone Developer";
				COPY_PHASE_STRIP = NO;
				ENABLE_STRICT_OBJC_MSGSEND = YES;
				GCC_C_LANGUAGE_STANDARD = gnu99;
				GCC_DYNAMIC_NO_PIC = NO;
				GCC_OPTIMIZATION_LEVEL = 0;
				GCC_PREPROCESSOR_DEFINITIONS = (
					"DEBUG=1",
					"$(inherited)",
				);
				GCC_SYMBOLS_PRIVATE_EXTERN = NO;
				GCC_WARN_64_TO_32_BIT_CONVERSION = YES;
				GCC_WARN_ABOUT_RETURN_TYPE = YES_ERROR;
				GCC_WARN_UNDECLARED_SELECTOR = YES;
				GCC_WARN_UNINITIALIZED_AUTOS = YES_AGGRESSIVE;
				GCC_WARN_UNUSED_FUNCTION = YES;
				GCC_WARN_UNUSED_VARIABLE = YES;
				IPHONEOS_DEPLOYMENT_TARGET = 8.1;
				MTL_ENABLE_DEBUG_INFO = YES;
				ONLY_ACTIVE_ARCH = YES;
				SDKROOT = iphoneos;
				SWIFT_OPTIMIZATION_LEVEL = "-Onone";
			};
			name = Debug;
		};
		45C6FB3F1AB4DEBC0080712B /* Release */ = {
			isa = XCBuildConfiguration;
			buildSettings = {
				ALWAYS_SEARCH_USER_PATHS = NO;
				CLANG_CXX_LANGUAGE_STANDARD = "gnu++0x";
				CLANG_CXX_LIBRARY = "libc++";
				CLANG_ENABLE_MODULES = YES;
				CLANG_ENABLE_OBJC_ARC = YES;
				CLANG_WARN_BOOL_CONVERSION = YES;
				CLANG_WARN_CONSTANT_CONVERSION = YES;
				CLANG_WARN_DIRECT_OBJC_ISA_USAGE = YES_ERROR;
				CLANG_WARN_EMPTY_BODY = YES;
				CLANG_WARN_ENUM_CONVERSION = YES;
				CLANG_WARN_INT_CONVERSION = YES;
				CLANG_WARN_OBJC_ROOT_CLASS = YES_ERROR;
				CLANG_WARN_UNREACHABLE_CODE = YES;
				CLANG_WARN__DUPLICATE_METHOD_MATCH = YES;
				"CODE_SIGN_IDENTITY[sdk=iphoneos*]" = "iPhone Developer";
				COPY_PHASE_STRIP = YES;
				ENABLE_NS_ASSERTIONS = NO;
				ENABLE_STRICT_OBJC_MSGSEND = YES;
				GCC_C_LANGUAGE_STANDARD = gnu99;
				GCC_WARN_64_TO_32_BIT_CONVERSION = YES;
				GCC_WARN_ABOUT_RETURN_TYPE = YES_ERROR;
				GCC_WARN_UNDECLARED_SELECTOR = YES;
				GCC_WARN_UNINITIALIZED_AUTOS = YES_AGGRESSIVE;
				GCC_WARN_UNUSED_FUNCTION = YES;
				GCC_WARN_UNUSED_VARIABLE = YES;
				IPHONEOS_DEPLOYMENT_TARGET = 8.1;
				MTL_ENABLE_DEBUG_INFO = NO;
				SDKROOT = iphoneos;
				VALIDATE_PRODUCT = YES;
			};
			name = Release;
		};
		45C6FB411AB4DEBC0080712B /* Debug */ = {
			isa = XCBuildConfiguration;
			buildSettings = {
				ASSETCATALOG_COMPILER_APPICON_NAME = AppIcon;
				INFOPLIST_FILE = "Whats the Weather/Info.plist";
				LD_RUNPATH_SEARCH_PATHS = "$(inherited) @executable_path/Frameworks";
				PRODUCT_NAME = "$(TARGET_NAME)";
			};
			name = Debug;
		};
		45C6FB421AB4DEBC0080712B /* Release */ = {
			isa = XCBuildConfiguration;
			buildSettings = {
				ASSETCATALOG_COMPILER_APPICON_NAME = AppIcon;
				INFOPLIST_FILE = "Whats the Weather/Info.plist";
				LD_RUNPATH_SEARCH_PATHS = "$(inherited) @executable_path/Frameworks";
				PRODUCT_NAME = "$(TARGET_NAME)";
			};
			name = Release;
		};
		45C6FB441AB4DEBC0080712B /* Debug */ = {
			isa = XCBuildConfiguration;
			buildSettings = {
				BUNDLE_LOADER = "$(TEST_HOST)";
				FRAMEWORK_SEARCH_PATHS = (
					"$(SDKROOT)/Developer/Library/Frameworks",
					"$(inherited)",
				);
				GCC_PREPROCESSOR_DEFINITIONS = (
					"DEBUG=1",
					"$(inherited)",
				);
				INFOPLIST_FILE = "Whats the WeatherTests/Info.plist";
				LD_RUNPATH_SEARCH_PATHS = "$(inherited) @executable_path/Frameworks @loader_path/Frameworks";
				PRODUCT_NAME = "$(TARGET_NAME)";
				TEST_HOST = "$(BUILT_PRODUCTS_DIR)/Whats the Weather.app/Whats the Weather";
			};
			name = Debug;
		};
		45C6FB451AB4DEBC0080712B /* Release */ = {
			isa = XCBuildConfiguration;
			buildSettings = {
				BUNDLE_LOADER = "$(TEST_HOST)";
				FRAMEWORK_SEARCH_PATHS = (
					"$(SDKROOT)/Developer/Library/Frameworks",
					"$(inherited)",
				);
				INFOPLIST_FILE = "Whats the WeatherTests/Info.plist";
				LD_RUNPATH_SEARCH_PATHS = "$(inherited) @executable_path/Frameworks @loader_path/Frameworks";
				PRODUCT_NAME = "$(TARGET_NAME)";
				TEST_HOST = "$(BUILT_PRODUCTS_DIR)/Whats the Weather.app/Whats the Weather";
			};
			name = Release;
		};
/* End XCBuildConfiguration section */

/* Begin XCConfigurationList section */
		45C6FB1C1AB4DEBC0080712B /* Build configuration list for PBXProject "Whats the Weather" */ = {
			isa = XCConfigurationList;
			buildConfigurations = (
				45C6FB3E1AB4DEBC0080712B /* Debug */,
				45C6FB3F1AB4DEBC0080712B /* Release */,
			);
			defaultConfigurationIsVisible = 0;
			defaultConfigurationName = Release;
		};
		45C6FB401AB4DEBC0080712B /* Build configuration list for PBXNativeTarget "Whats the Weather" */ = {
			isa = XCConfigurationList;
			buildConfigurations = (
				45C6FB411AB4DEBC0080712B /* Debug */,
				45C6FB421AB4DEBC0080712B /* Release */,
			);
			defaultConfigurationIsVisible = 0;
		};
		45C6FB431AB4DEBC0080712B /* Build configuration list for PBXNativeTarget "Whats the WeatherTests" */ = {
			isa = XCConfigurationList;
			buildConfigurations = (
				45C6FB441AB4DEBC0080712B /* Debug */,
				45C6FB451AB4DEBC0080712B /* Release */,
			);
			defaultConfigurationIsVisible = 0;
		};
/* End XCConfigurationList section */
	};
	rootObject = 45C6FB191AB4DEBC0080712B /* Project object */;
}
